// !$*UTF8*$!
{
	archiveVersion = 1;
	classes = {
	};
	objectVersion = 55;
	objects = {

/* Begin PBXBuildFile section */
		DE44F8AF279A8F04002F057C /* AssetMenu.swift in Sources */ = {isa = PBXBuildFile; fileRef = DE44F8AE279A8F04002F057C /* AssetMenu.swift */; };
		DE44F8B1279A90B4002F057C /* AssetMenuButtonStyle.swift in Sources */ = {isa = PBXBuildFile; fileRef = DE44F8B0279A90B4002F057C /* AssetMenuButtonStyle.swift */; };
		DE44F8B3279A9304002F057C /* AssetMenuGridView.swift in Sources */ = {isa = PBXBuildFile; fileRef = DE44F8B2279A9304002F057C /* AssetMenuGridView.swift */; };
		DE44F8B5279A9407002F057C /* AssetView.swift in Sources */ = {isa = PBXBuildFile; fileRef = DE44F8B4279A9407002F057C /* AssetView.swift */; };
		DE44F8B7279A9555002F057C /* AssetBanner.swift in Sources */ = {isa = PBXBuildFile; fileRef = DE44F8B6279A9555002F057C /* AssetBanner.swift */; };
		DE44F8B9279A9599002F057C /* BannerCard.swift in Sources */ = {isa = PBXBuildFile; fileRef = DE44F8B8279A9599002F057C /* BannerCard.swift */; };
		DE44F8BB279A9672002F057C /* PageViewController.swift in Sources */ = {isa = PBXBuildFile; fileRef = DE44F8BA279A9672002F057C /* PageViewController.swift */; };
		DE44F8BD279A9E5F002F057C /* PageControl.swift in Sources */ = {isa = PBXBuildFile; fileRef = DE44F8BC279A9E5F002F057C /* PageControl.swift */; };
		DE52FA99279E2DD600C1A833 /* TabMenuView.swift in Sources */ = {isa = PBXBuildFile; fileRef = DE52FA98279E2DD600C1A833 /* TabMenuView.swift */; };
		DE52FA9B279E320100C1A833 /* AssetSectionCardView.swift in Sources */ = {isa = PBXBuildFile; fileRef = DE52FA9A279E320100C1A833 /* AssetSectionCardView.swift */; };
		DE6EAF6D2798E62B00E65C6C /* MyAssetsApp.swift in Sources */ = {isa = PBXBuildFile; fileRef = DE6EAF6C2798E62B00E65C6C /* MyAssetsApp.swift */; };
		DE6EAF6F2798E62B00E65C6C /* ContentView.swift in Sources */ = {isa = PBXBuildFile; fileRef = DE6EAF6E2798E62B00E65C6C /* ContentView.swift */; };
		DE6EAF712798E62C00E65C6C /* Assets.xcassets in Resources */ = {isa = PBXBuildFile; fileRef = DE6EAF702798E62C00E65C6C /* Assets.xcassets */; };
		DE6EAF742798E62C00E65C6C /* Preview Assets.xcassets in Resources */ = {isa = PBXBuildFile; fileRef = DE6EAF732798E62C00E65C6C /* Preview Assets.xcassets */; };
		DE6EAF7B2798E85800E65C6C /* NavigationBarWithButton.swift in Sources */ = {isa = PBXBuildFile; fileRef = DE6EAF7A2798E85800E65C6C /* NavigationBarWithButton.swift */; };
		DEC3AE61279E1ECC00FD08CC /* AssetBannerView.swift in Sources */ = {isa = PBXBuildFile; fileRef = DEC3AE60279E1ECC00FD08CC /* AssetBannerView.swift */; };
		DEC3AE63279E225E00FD08CC /* assets.json in Resources */ = {isa = PBXBuildFile; fileRef = DEC3AE62279E225E00FD08CC /* assets.json */; };
		DEC3AE65279E229E00FD08CC /* Asset.swift in Sources */ = {isa = PBXBuildFile; fileRef = DEC3AE64279E229E00FD08CC /* Asset.swift */; };
		DEC3AE6A279E23CA00FD08CC /* AssetSummaryData.swift in Sources */ = {isa = PBXBuildFile; fileRef = DEC3AE69279E23CA00FD08CC /* AssetSummaryData.swift */; };
		DEC3AE6C279E251C00FD08CC /* AssetSectionHeaderView.swift in Sources */ = {isa = PBXBuildFile; fileRef = DEC3AE6B279E251C00FD08CC /* AssetSectionHeaderView.swift */; };
		DEC3AE6E279E25B600FD08CC /* AssetSectionView.swift in Sources */ = {isa = PBXBuildFile; fileRef = DEC3AE6D279E25B600FD08CC /* AssetSectionView.swift */; };
		DEC3AE70279E274700FD08CC /* AssetSummaryView.swift in Sources */ = {isa = PBXBuildFile; fileRef = DEC3AE6F279E274700FD08CC /* AssetSummaryView.swift */; };
		DEDF4C33279FAD8500A331CE /* BankAccountView.swift in Sources */ = {isa = PBXBuildFile; fileRef = DEDF4C32279FAD8500A331CE /* BankAccountView.swift */; };
/* End PBXBuildFile section */

/* Begin PBXFileReference section */
		DE44F8AE279A8F04002F057C /* AssetMenu.swift */ = {isa = PBXFileReference; lastKnownFileType = sourcecode.swift; path = AssetMenu.swift; sourceTree = "<group>"; };
		DE44F8B0279A90B4002F057C /* AssetMenuButtonStyle.swift */ = {isa = PBXFileReference; lastKnownFileType = sourcecode.swift; path = AssetMenuButtonStyle.swift; sourceTree = "<group>"; };
		DE44F8B2279A9304002F057C /* AssetMenuGridView.swift */ = {isa = PBXFileReference; lastKnownFileType = sourcecode.swift; path = AssetMenuGridView.swift; sourceTree = "<group>"; };
		DE44F8B4279A9407002F057C /* AssetView.swift */ = {isa = PBXFileReference; lastKnownFileType = sourcecode.swift; path = AssetView.swift; sourceTree = "<group>"; };
		DE44F8B6279A9555002F057C /* AssetBanner.swift */ = {isa = PBXFileReference; lastKnownFileType = sourcecode.swift; path = AssetBanner.swift; sourceTree = "<group>"; };
		DE44F8B8279A9599002F057C /* BannerCard.swift */ = {isa = PBXFileReference; lastKnownFileType = sourcecode.swift; path = BannerCard.swift; sourceTree = "<group>"; };
		DE44F8BA279A9672002F057C /* PageViewController.swift */ = {isa = PBXFileReference; lastKnownFileType = sourcecode.swift; path = PageViewController.swift; sourceTree = "<group>"; };
		DE44F8BC279A9E5F002F057C /* PageControl.swift */ = {isa = PBXFileReference; lastKnownFileType = sourcecode.swift; path = PageControl.swift; sourceTree = "<group>"; };
		DE52FA98279E2DD600C1A833 /* TabMenuView.swift */ = {isa = PBXFileReference; lastKnownFileType = sourcecode.swift; path = TabMenuView.swift; sourceTree = "<group>"; };
		DE52FA9A279E320100C1A833 /* AssetSectionCardView.swift */ = {isa = PBXFileReference; lastKnownFileType = sourcecode.swift; path = AssetSectionCardView.swift; sourceTree = "<group>"; };
		DE6EAF692798E62B00E65C6C /* MyAssets.app */ = {isa = PBXFileReference; explicitFileType = wrapper.application; includeInIndex = 0; path = MyAssets.app; sourceTree = BUILT_PRODUCTS_DIR; };
		DE6EAF6C2798E62B00E65C6C /* MyAssetsApp.swift */ = {isa = PBXFileReference; lastKnownFileType = sourcecode.swift; path = MyAssetsApp.swift; sourceTree = "<group>"; };
		DE6EAF6E2798E62B00E65C6C /* ContentView.swift */ = {isa = PBXFileReference; lastKnownFileType = sourcecode.swift; path = ContentView.swift; sourceTree = "<group>"; };
		DE6EAF702798E62C00E65C6C /* Assets.xcassets */ = {isa = PBXFileReference; lastKnownFileType = folder.assetcatalog; path = Assets.xcassets; sourceTree = "<group>"; };
		DE6EAF732798E62C00E65C6C /* Preview Assets.xcassets */ = {isa = PBXFileReference; lastKnownFileType = folder.assetcatalog; path = "Preview Assets.xcassets"; sourceTree = "<group>"; };
		DE6EAF7A2798E85800E65C6C /* NavigationBarWithButton.swift */ = {isa = PBXFileReference; lastKnownFileType = sourcecode.swift; path = NavigationBarWithButton.swift; sourceTree = "<group>"; };
		DEC3AE60279E1ECC00FD08CC /* AssetBannerView.swift */ = {isa = PBXFileReference; lastKnownFileType = sourcecode.swift; path = AssetBannerView.swift; sourceTree = "<group>"; };
		DEC3AE62279E225E00FD08CC /* assets.json */ = {isa = PBXFileReference; fileEncoding = 4; lastKnownFileType = text.json; path = assets.json; sourceTree = "<group>"; };
		DEC3AE64279E229E00FD08CC /* Asset.swift */ = {isa = PBXFileReference; lastKnownFileType = sourcecode.swift; path = Asset.swift; sourceTree = "<group>"; };
		DEC3AE69279E23CA00FD08CC /* AssetSummaryData.swift */ = {isa = PBXFileReference; lastKnownFileType = sourcecode.swift; path = AssetSummaryData.swift; sourceTree = "<group>"; };
		DEC3AE6B279E251C00FD08CC /* AssetSectionHeaderView.swift */ = {isa = PBXFileReference; lastKnownFileType = sourcecode.swift; path = AssetSectionHeaderView.swift; sourceTree = "<group>"; };
		DEC3AE6D279E25B600FD08CC /* AssetSectionView.swift */ = {isa = PBXFileReference; lastKnownFileType = sourcecode.swift; path = AssetSectionView.swift; sourceTree = "<group>"; };
		DEC3AE6F279E274700FD08CC /* AssetSummaryView.swift */ = {isa = PBXFileReference; lastKnownFileType = sourcecode.swift; path = AssetSummaryView.swift; sourceTree = "<group>"; };
		DEDF4C32279FAD8500A331CE /* BankAccountView.swift */ = {isa = PBXFileReference; lastKnownFileType = sourcecode.swift; path = BankAccountView.swift; sourceTree = "<group>"; };
/* End PBXFileReference section */

/* Begin PBXFrameworksBuildPhase section */
		DE6EAF662798E62B00E65C6C /* Frameworks */ = {
			isa = PBXFrameworksBuildPhase;
			buildActionMask = 2147483647;
			files = (
			);
			runOnlyForDeploymentPostprocessing = 0;
		};
/* End PBXFrameworksBuildPhase section */

/* Begin PBXGroup section */
		DE52FA96279E299B00C1A833 /* AssetSummaryView */ = {
			isa = PBXGroup;
			children = (
				DEC3AE69279E23CA00FD08CC /* AssetSummaryData.swift */,
				DEC3AE6B279E251C00FD08CC /* AssetSectionHeaderView.swift */,
				DEC3AE6D279E25B600FD08CC /* AssetSectionView.swift */,
				DEC3AE6F279E274700FD08CC /* AssetSummaryView.swift */,
				DE52FA9A279E320100C1A833 /* AssetSectionCardView.swift */,
				DE52FA98279E2DD600C1A833 /* TabMenuView.swift */,
			);
			path = AssetSummaryView;
			sourceTree = "<group>";
		};
		DE52FA97279E29F900C1A833 /* AssetMenu */ = {
			isa = PBXGroup;
			children = (
				DE44F8B0279A90B4002F057C /* AssetMenuButtonStyle.swift */,
				DE44F8B2279A9304002F057C /* AssetMenuGridView.swift */,
			);
			path = AssetMenu;
			sourceTree = "<group>";
		};
		DE6EAF602798E62B00E65C6C = {
			isa = PBXGroup;
			children = (
				DE6EAF6B2798E62B00E65C6C /* MyAssets */,
				DE6EAF6A2798E62B00E65C6C /* Products */,
			);
			sourceTree = "<group>";
		};
		DE6EAF6A2798E62B00E65C6C /* Products */ = {
			isa = PBXGroup;
			children = (
				DE6EAF692798E62B00E65C6C /* MyAssets.app */,
			);
			name = Products;
			sourceTree = "<group>";
		};
		DE6EAF6B2798E62B00E65C6C /* MyAssets */ = {
			isa = PBXGroup;
			children = (
				DEC3AE66279E22B500FD08CC /* Entities */,
				DE52FA97279E29F900C1A833 /* AssetMenu */,
				DE52FA96279E299B00C1A833 /* AssetSummaryView */,
				DEDF4C32279FAD8500A331CE /* BankAccountView.swift */,
				DE44F8B4279A9407002F057C /* AssetView.swift */,
				DEC3AE60279E1ECC00FD08CC /* AssetBannerView.swift */,
				DE6EAF7A2798E85800E65C6C /* NavigationBarWithButton.swift */,
				DE6EAF6C2798E62B00E65C6C /* MyAssetsApp.swift */,
				DE6EAF6E2798E62B00E65C6C /* ContentView.swift */,
				DE44F8B8279A9599002F057C /* BannerCard.swift */,
				DE44F8BA279A9672002F057C /* PageViewController.swift */,
				DE44F8BC279A9E5F002F057C /* PageControl.swift */,
				DE6EAF702798E62C00E65C6C /* Assets.xcassets */,
				DEC3AE62279E225E00FD08CC /* assets.json */,
				DE6EAF722798E62C00E65C6C /* Preview Content */,
			);
			path = MyAssets;
			sourceTree = "<group>";
		};
		DE6EAF722798E62C00E65C6C /* Preview Content */ = {
			isa = PBXGroup;
			children = (
				DE6EAF732798E62C00E65C6C /* Preview Assets.xcassets */,
			);
			path = "Preview Content";
			sourceTree = "<group>";
		};
		DEC3AE66279E22B500FD08CC /* Entities */ = {
			isa = PBXGroup;
			children = (
				DE44F8AE279A8F04002F057C /* AssetMenu.swift */,
				DE44F8B6279A9555002F057C /* AssetBanner.swift */,
				DEC3AE64279E229E00FD08CC /* Asset.swift */,
			);
			path = Entities;
			sourceTree = "<group>";
		};
/* End PBXGroup section */

/* Begin PBXNativeTarget section */
		DE6EAF682798E62B00E65C6C /* MyAssets */ = {
			isa = PBXNativeTarget;
			buildConfigurationList = DE6EAF772798E62C00E65C6C /* Build configuration list for PBXNativeTarget "MyAssets" */;
			buildPhases = (
				DE6EAF652798E62B00E65C6C /* Sources */,
				DE6EAF662798E62B00E65C6C /* Frameworks */,
				DE6EAF672798E62B00E65C6C /* Resources */,
			);
			buildRules = (
			);
			dependencies = (
			);
			name = MyAssets;
			productName = MyAssets;
			productReference = DE6EAF692798E62B00E65C6C /* MyAssets.app */;
			productType = "com.apple.product-type.application";
		};
/* End PBXNativeTarget section */

/* Begin PBXProject section */
		DE6EAF612798E62B00E65C6C /* Project object */ = {
			isa = PBXProject;
			attributes = {
				BuildIndependentTargetsInParallel = 1;
				LastSwiftUpdateCheck = 1320;
				LastUpgradeCheck = 1320;
				TargetAttributes = {
					DE6EAF682798E62B00E65C6C = {
						CreatedOnToolsVersion = 13.2.1;
					};
				};
			};
			buildConfigurationList = DE6EAF642798E62B00E65C6C /* Build configuration list for PBXProject "MyAssets" */;
			compatibilityVersion = "Xcode 13.0";
			developmentRegion = en;
			hasScannedForEncodings = 0;
			knownRegions = (
				en,
				Base,
			);
			mainGroup = DE6EAF602798E62B00E65C6C;
			productRefGroup = DE6EAF6A2798E62B00E65C6C /* Products */;
			projectDirPath = "";
			projectRoot = "";
			targets = (
				DE6EAF682798E62B00E65C6C /* MyAssets */,
			);
		};
/* End PBXProject section */

/* Begin PBXResourcesBuildPhase section */
		DE6EAF672798E62B00E65C6C /* Resources */ = {
			isa = PBXResourcesBuildPhase;
			buildActionMask = 2147483647;
			files = (
				DEC3AE63279E225E00FD08CC /* assets.json in Resources */,
				DE6EAF742798E62C00E65C6C /* Preview Assets.xcassets in Resources */,
				DE6EAF712798E62C00E65C6C /* Assets.xcassets in Resources */,
			);
			runOnlyForDeploymentPostprocessing = 0;
		};
/* End PBXResourcesBuildPhase section */

/* Begin PBXSourcesBuildPhase section */
		DE6EAF652798E62B00E65C6C /* Sources */ = {
			isa = PBXSourcesBuildPhase;
			buildActionMask = 2147483647;
			files = (
				DE44F8B3279A9304002F057C /* AssetMenuGridView.swift in Sources */,
				DEC3AE6E279E25B600FD08CC /* AssetSectionView.swift in Sources */,
				DEC3AE65279E229E00FD08CC /* Asset.swift in Sources */,
				DE52FA9B279E320100C1A833 /* AssetSectionCardView.swift in Sources */,
				DE44F8BD279A9E5F002F057C /* PageControl.swift in Sources */,
				DEC3AE6A279E23CA00FD08CC /* AssetSummaryData.swift in Sources */,
				DEC3AE6C279E251C00FD08CC /* AssetSectionHeaderView.swift in Sources */,
				DEC3AE70279E274700FD08CC /* AssetSummaryView.swift in Sources */,
				DEDF4C33279FAD8500A331CE /* BankAccountView.swift in Sources */,
				DE44F8BB279A9672002F057C /* PageViewController.swift in Sources */,
				DE6EAF7B2798E85800E65C6C /* NavigationBarWithButton.swift in Sources */,
				DE44F8B7279A9555002F057C /* AssetBanner.swift in Sources */,
				DE44F8B5279A9407002F057C /* AssetView.swift in Sources */,
				DE6EAF6F2798E62B00E65C6C /* ContentView.swift in Sources */,
				DE6EAF6D2798E62B00E65C6C /* MyAssetsApp.swift in Sources */,
				DE52FA99279E2DD600C1A833 /* TabMenuView.swift in Sources */,
				DE44F8AF279A8F04002F057C /* AssetMenu.swift in Sources */,
				DEC3AE61279E1ECC00FD08CC /* AssetBannerView.swift in Sources */,
				DE44F8B9279A9599002F057C /* BannerCard.swift in Sources */,
				DE44F8B1279A90B4002F057C /* AssetMenuButtonStyle.swift in Sources */,
			);
			runOnlyForDeploymentPostprocessing = 0;
		};
/* End PBXSourcesBuildPhase section */

/* Begin XCBuildConfiguration section */
		DE6EAF752798E62C00E65C6C /* Debug */ = {
			isa = XCBuildConfiguration;
			buildSettings = {
				ALWAYS_SEARCH_USER_PATHS = NO;
				CLANG_ANALYZER_NONNULL = YES;
				CLANG_ANALYZER_NUMBER_OBJECT_CONVERSION = YES_AGGRESSIVE;
				CLANG_CXX_LANGUAGE_STANDARD = "gnu++17";
				CLANG_CXX_LIBRARY = "libc++";
				CLANG_ENABLE_MODULES = YES;
				CLANG_ENABLE_OBJC_ARC = YES;
				CLANG_ENABLE_OBJC_WEAK = YES;
				CLANG_WARN_BLOCK_CAPTURE_AUTORELEASING = YES;
				CLANG_WARN_BOOL_CONVERSION = YES;
				CLANG_WARN_COMMA = YES;
				CLANG_WARN_CONSTANT_CONVERSION = YES;
				CLANG_WARN_DEPRECATED_OBJC_IMPLEMENTATIONS = YES;
				CLANG_WARN_DIRECT_OBJC_ISA_USAGE = YES_ERROR;
				CLANG_WARN_DOCUMENTATION_COMMENTS = YES;
				CLANG_WARN_EMPTY_BODY = YES;
				CLANG_WARN_ENUM_CONVERSION = YES;
				CLANG_WARN_INFINITE_RECURSION = YES;
				CLANG_WARN_INT_CONVERSION = YES;
				CLANG_WARN_NON_LITERAL_NULL_CONVERSION = YES;
				CLANG_WARN_OBJC_IMPLICIT_RETAIN_SELF = YES;
				CLANG_WARN_OBJC_LITERAL_CONVERSION = YES;
				CLANG_WARN_OBJC_ROOT_CLASS = YES_ERROR;
				CLANG_WARN_QUOTED_INCLUDE_IN_FRAMEWORK_HEADER = YES;
				CLANG_WARN_RANGE_LOOP_ANALYSIS = YES;
				CLANG_WARN_STRICT_PROTOTYPES = YES;
				CLANG_WARN_SUSPICIOUS_MOVE = YES;
				CLANG_WARN_UNGUARDED_AVAILABILITY = YES_AGGRESSIVE;
				CLANG_WARN_UNREACHABLE_CODE = YES;
				CLANG_WARN__DUPLICATE_METHOD_MATCH = YES;
				COPY_PHASE_STRIP = NO;
				DEBUG_INFORMATION_FORMAT = dwarf;
				ENABLE_STRICT_OBJC_MSGSEND = YES;
				ENABLE_TESTABILITY = YES;
				GCC_C_LANGUAGE_STANDARD = gnu11;
				GCC_DYNAMIC_NO_PIC = NO;
				GCC_NO_COMMON_BLOCKS = YES;
				GCC_OPTIMIZATION_LEVEL = 0;
				GCC_PREPROCESSOR_DEFINITIONS = (
					"DEBUG=1",
					"$(inherited)",
				);
				GCC_WARN_64_TO_32_BIT_CONVERSION = YES;
				GCC_WARN_ABOUT_RETURN_TYPE = YES_ERROR;
				GCC_WARN_UNDECLARED_SELECTOR = YES;
				GCC_WARN_UNINITIALIZED_AUTOS = YES_AGGRESSIVE;
				GCC_WARN_UNUSED_FUNCTION = YES;
				GCC_WARN_UNUSED_VARIABLE = YES;
				IPHONEOS_DEPLOYMENT_TARGET = 15.2;
				MTL_ENABLE_DEBUG_INFO = INCLUDE_SOURCE;
				MTL_FAST_MATH = YES;
				ONLY_ACTIVE_ARCH = YES;
				SDKROOT = iphoneos;
				SWIFT_ACTIVE_COMPILATION_CONDITIONS = DEBUG;
				SWIFT_OPTIMIZATION_LEVEL = "-Onone";
			};
			name = Debug;
		};
		DE6EAF762798E62C00E65C6C /* Release */ = {
			isa = XCBuildConfiguration;
			buildSettings = {
				ALWAYS_SEARCH_USER_PATHS = NO;
				CLANG_ANALYZER_NONNULL = YES;
				CLANG_ANALYZER_NUMBER_OBJECT_CONVERSION = YES_AGGRESSIVE;
				CLANG_CXX_LANGUAGE_STANDARD = "gnu++17";
				CLANG_CXX_LIBRARY = "libc++";
				CLANG_ENABLE_MODULES = YES;
				CLANG_ENABLE_OBJC_ARC = YES;
				CLANG_ENABLE_OBJC_WEAK = YES;
				CLANG_WARN_BLOCK_CAPTURE_AUTORELEASING = YES;
				CLANG_WARN_BOOL_CONVERSION = YES;
				CLANG_WARN_COMMA = YES;
				CLANG_WARN_CONSTANT_CONVERSION = YES;
				CLANG_WARN_DEPRECATED_OBJC_IMPLEMENTATIONS = YES;
				CLANG_WARN_DIRECT_OBJC_ISA_USAGE = YES_ERROR;
				CLANG_WARN_DOCUMENTATION_COMMENTS = YES;
				CLANG_WARN_EMPTY_BODY = YES;
				CLANG_WARN_ENUM_CONVERSION = YES;
				CLANG_WARN_INFINITE_RECURSION = YES;
				CLANG_WARN_INT_CONVERSION = YES;
				CLANG_WARN_NON_LITERAL_NULL_CONVERSION = YES;
				CLANG_WARN_OBJC_IMPLICIT_RETAIN_SELF = YES;
				CLANG_WARN_OBJC_LITERAL_CONVERSION = YES;
				CLANG_WARN_OBJC_ROOT_CLASS = YES_ERROR;
				CLANG_WARN_QUOTED_INCLUDE_IN_FRAMEWORK_HEADER = YES;
				CLANG_WARN_RANGE_LOOP_ANALYSIS = YES;
				CLANG_WARN_STRICT_PROTOTYPES = YES;
				CLANG_WARN_SUSPICIOUS_MOVE = YES;
				CLANG_WARN_UNGUARDED_AVAILABILITY = YES_AGGRESSIVE;
				CLANG_WARN_UNREACHABLE_CODE = YES;
				CLANG_WARN__DUPLICATE_METHOD_MATCH = YES;
				COPY_PHASE_STRIP = NO;
				DEBUG_INFORMATION_FORMAT = "dwarf-with-dsym";
				ENABLE_NS_ASSERTIONS = NO;
				ENABLE_STRICT_OBJC_MSGSEND = YES;
				GCC_C_LANGUAGE_STANDARD = gnu11;
				GCC_NO_COMMON_BLOCKS = YES;
				GCC_WARN_64_TO_32_BIT_CONVERSION = YES;
				GCC_WARN_ABOUT_RETURN_TYPE = YES_ERROR;
				GCC_WARN_UNDECLARED_SELECTOR = YES;
				GCC_WARN_UNINITIALIZED_AUTOS = YES_AGGRESSIVE;
				GCC_WARN_UNUSED_FUNCTION = YES;
				GCC_WARN_UNUSED_VARIABLE = YES;
				IPHONEOS_DEPLOYMENT_TARGET = 15.2;
				MTL_ENABLE_DEBUG_INFO = NO;
				MTL_FAST_MATH = YES;
				SDKROOT = iphoneos;
				SWIFT_COMPILATION_MODE = wholemodule;
				SWIFT_OPTIMIZATION_LEVEL = "-O";
				VALIDATE_PRODUCT = YES;
			};
			name = Release;
		};
		DE6EAF782798E62C00E65C6C /* Debug */ = {
			isa = XCBuildConfiguration;
			buildSettings = {
				ASSETCATALOG_COMPILER_APPICON_NAME = AppIcon;
				ASSETCATALOG_COMPILER_GLOBAL_ACCENT_COLOR_NAME = AccentColor;
				CODE_SIGN_STYLE = Automatic;
				CURRENT_PROJECT_VERSION = 1;
				DEVELOPMENT_ASSET_PATHS = "\"MyAssets/Preview Content\"";
				DEVELOPMENT_TEAM = J74H985T9L;
				ENABLE_PREVIEWS = YES;
				GENERATE_INFOPLIST_FILE = YES;
				INFOPLIST_KEY_UIApplicationSceneManifest_Generation = YES;
				INFOPLIST_KEY_UIApplicationSupportsIndirectInputEvents = YES;
				INFOPLIST_KEY_UILaunchScreen_Generation = YES;
				INFOPLIST_KEY_UISupportedInterfaceOrientations_iPad = "UIInterfaceOrientationPortrait UIInterfaceOrientationPortraitUpsideDown UIInterfaceOrientationLandscapeLeft UIInterfaceOrientationLandscapeRight";
				INFOPLIST_KEY_UISupportedInterfaceOrientations_iPhone = "UIInterfaceOrientationPortrait UIInterfaceOrientationLandscapeLeft UIInterfaceOrientationLandscapeRight";
				LD_RUNPATH_SEARCH_PATHS = (
					"$(inherited)",
					"@executable_path/Frameworks",
				);
				MARKETING_VERSION = 1.0;
				PRODUCT_BUNDLE_IDENTIFIER = com.terry.MyAssets;
				PRODUCT_NAME = "$(TARGET_NAME)";
				SWIFT_EMIT_LOC_STRINGS = YES;
				SWIFT_VERSION = 5.0;
				TARGETED_DEVICE_FAMILY = "1,2";
			};
			name = Debug;
		};
		DE6EAF792798E62C00E65C6C /* Release */ = {
			isa = XCBuildConfiguration;
			buildSettings = {
				ASSETCATALOG_COMPILER_APPICON_NAME = AppIcon;
				ASSETCATALOG_COMPILER_GLOBAL_ACCENT_COLOR_NAME = AccentColor;
				CODE_SIGN_STYLE = Automatic;
				CURRENT_PROJECT_VERSION = 1;
				DEVELOPMENT_ASSET_PATHS = "\"MyAssets/Preview Content\"";
				DEVELOPMENT_TEAM = J74H985T9L;
				ENABLE_PREVIEWS = YES;
				GENERATE_INFOPLIST_FILE = YES;
				INFOPLIST_KEY_UIApplicationSceneManifest_Generation = YES;
				INFOPLIST_KEY_UIApplicationSupportsIndirectInputEvents = YES;
				INFOPLIST_KEY_UILaunchScreen_Generation = YES;
				INFOPLIST_KEY_UISupportedInterfaceOrientations_iPad = "UIInterfaceOrientationPortrait UIInterfaceOrientationPortraitUpsideDown UIInterfaceOrientationLandscapeLeft UIInterfaceOrientationLandscapeRight";
				INFOPLIST_KEY_UISupportedInterfaceOrientations_iPhone = "UIInterfaceOrientationPortrait UIInterfaceOrientationLandscapeLeft UIInterfaceOrientationLandscapeRight";
				LD_RUNPATH_SEARCH_PATHS = (
					"$(inherited)",
					"@executable_path/Frameworks",
				);
				MARKETING_VERSION = 1.0;
				PRODUCT_BUNDLE_IDENTIFIER = com.terry.MyAssets;
				PRODUCT_NAME = "$(TARGET_NAME)";
				SWIFT_EMIT_LOC_STRINGS = YES;
				SWIFT_VERSION = 5.0;
				TARGETED_DEVICE_FAMILY = "1,2";
			};
			name = Release;
		};
/* End XCBuildConfiguration section */

/* Begin XCConfigurationList section */
		DE6EAF642798E62B00E65C6C /* Build configuration list for PBXProject "MyAssets" */ = {
			isa = XCConfigurationList;
			buildConfigurations = (
				DE6EAF752798E62C00E65C6C /* Debug */,
				DE6EAF762798E62C00E65C6C /* Release */,
			);
			defaultConfigurationIsVisible = 0;
			defaultConfigurationName = Release;
		};
		DE6EAF772798E62C00E65C6C /* Build configuration list for PBXNativeTarget "MyAssets" */ = {
			isa = XCConfigurationList;
			buildConfigurations = (
				DE6EAF782798E62C00E65C6C /* Debug */,
				DE6EAF792798E62C00E65C6C /* Release */,
			);
			defaultConfigurationIsVisible = 0;
			defaultConfigurationName = Release;
		};
/* End XCConfigurationList section */
	};
	rootObject = DE6EAF612798E62B00E65C6C /* Project object */;
}
